
Microsoft Visual Studio Solution File, Format Version 12.00
# Visual Studio Version 17
VisualStudioVersion = 17.11.35312.102
MinimumVisualStudioVersion = 10.0.40219.1
Project("{FAE04EC0-301F-11D3-BF4B-00C04F79EFBC}") = "FINAL STACK AND QUEUES", "FINAL STACK AND QUEUES.csproj", "{F2819345-9E20-4071-A03D-687B56B83C5B}"
EndProject
Global
	GlobalSection(SolutionConfigurationPlatforms) = preSolution
		Debug|Any CPU = Debug|Any CPU
		Release|Any CPU = Release|Any CPU
	EndGlobalSection
	GlobalSection(ProjectConfigurationPlatforms) = postSolution
		{F2819345-9E20-4071-A03D-687B56B83C5B}.Debug|Any CPU.ActiveCfg = Debug|Any CPU
		{F2819345-9E20-4071-A03D-687B56B83C5B}.Debug|Any CPU.Build.0 = Debug|Any CPU
		{F2819345-9E20-4071-A03D-687B56B83C5B}.Release|Any CPU.ActiveCfg = Release|Any CPU
		{F2819345-9E20-4071-A03D-687B56B83C5B}.Release|Any CPU.Build.0 = Release|Any CPU
	EndGlobalSection
	GlobalSection(SolutionProperties) = preSolution
		HideSolutionNode = FALSE
	EndGlobalSection
	GlobalSection(ExtensibilityGlobals) = postSolution
		SolutionGuid = {C0300AB7-4FF5-481A-8D96-A8D7BA338E90}
	EndGlobalSection
EndGlobal
